
Microsoft Visual Studio Solution File, Format Version 12.00
# Visual Studio 14
VisualStudioVersion = 14.0.25420.1
MinimumVisualStudioVersion = 10.0.40219.1
Project("{FAE04EC0-301F-11D3-BF4B-00C04F79EFBC}") = "HotelBilling.Android", "HotelBilling\HotelBilling.Android\HotelBilling.Android.csproj", "{8DCD350F-EB25-475E-8AC7-1DAF687A4971}"
EndProject
Project("{FAE04EC0-301F-11D3-BF4B-00C04F79EFBC}") = "HotelBilling", "HotelBilling\HotelBilling\HotelBilling.csproj", "{0E72B17A-C2C0-4CC4-9370-1BB2B9798021}"
EndProject
Project("{FAE04EC0-301F-11D3-BF4B-00C04F79EFBC}") = "HotelBilling.UWP", "HotelBilling\HotelBilling.UWP\HotelBilling.UWP.csproj", "{B52999CE-B1B7-475D-8EAB-A31696985FCE}"
EndProject
Project("{FAE04EC0-301F-11D3-BF4B-00C04F79EFBC}") = "HotelBilling.iOS", "HotelBilling\HotelBilling.iOS\HotelBilling.iOS.csproj", "{99ED98FB-B623-4E5D-B491-4133B293D45D}"
EndProject
Project("{FAE04EC0-301F-11D3-BF4B-00C04F79EFBC}") = "HotelBilling.WinPhone", "HotelBilling\HotelBilling.WinPhone\HotelBilling.WinPhone.csproj", "{D7DFCFDB-88E4-4BFF-B6F6-91566403A6C5}"
EndProject
Global
	GlobalSection(SolutionConfigurationPlatforms) = preSolution
		Ad-Hoc|Any CPU = Ad-Hoc|Any CPU
		Ad-Hoc|ARM = Ad-Hoc|ARM
		Ad-Hoc|iPhone = Ad-Hoc|iPhone
		Ad-Hoc|iPhoneSimulator = Ad-Hoc|iPhoneSimulator
		Ad-Hoc|x64 = Ad-Hoc|x64
		Ad-Hoc|x86 = Ad-Hoc|x86
		AppStore|Any CPU = AppStore|Any CPU
		AppStore|ARM = AppStore|ARM
		AppStore|iPhone = AppStore|iPhone
		AppStore|iPhoneSimulator = AppStore|iPhoneSimulator
		AppStore|x64 = AppStore|x64
		AppStore|x86 = AppStore|x86
		Debug|Any CPU = Debug|Any CPU
		Debug|ARM = Debug|ARM
		Debug|iPhone = Debug|iPhone
		Debug|iPhoneSimulator = Debug|iPhoneSimulator
		Debug|x64 = Debug|x64
		Debug|x86 = Debug|x86
		Release|Any CPU = Release|Any CPU
		Release|ARM = Release|ARM
		Release|iPhone = Release|iPhone
		Release|iPhoneSimulator = Release|iPhoneSimulator
		Release|x64 = Release|x64
		Release|x86 = Release|x86
	EndGlobalSection
	GlobalSection(ProjectConfigurationPlatforms) = postSolution
		{8DCD350F-EB25-475E-8AC7-1DAF687A4971}.Ad-Hoc|Any CPU.ActiveCfg = Release|Any CPU
		{8DCD350F-EB25-475E-8AC7-1DAF687A4971}.Ad-Hoc|Any CPU.Build.0 = Release|Any CPU
		{8DCD350F-EB25-475E-8AC7-1DAF687A4971}.Ad-Hoc|Any CPU.Deploy.0 = Release|Any CPU
		{8DCD350F-EB25-475E-8AC7-1DAF687A4971}.Ad-Hoc|ARM.ActiveCfg = Release|Any CPU
		{8DCD350F-EB25-475E-8AC7-1DAF687A4971}.Ad-Hoc|ARM.Build.0 = Release|Any CPU
		{8DCD350F-EB25-475E-8AC7-1DAF687A4971}.Ad-Hoc|ARM.Deploy.0 = Release|Any CPU
		{8DCD350F-EB25-475E-8AC7-1DAF687A4971}.Ad-Hoc|iPhone.ActiveCfg = Release|Any CPU
		{8DCD350F-EB25-475E-8AC7-1DAF687A4971}.Ad-Hoc|iPhone.Build.0 = Release|Any CPU
		{8DCD350F-EB25-475E-8AC7-1DAF687A4971}.Ad-Hoc|iPhone.Deploy.0 = Release|Any CPU
		{8DCD350F-EB25-475E-8AC7-1DAF687A4971}.Ad-Hoc|iPhoneSimulator.ActiveCfg = Release|Any CPU
		{8DCD350F-EB25-475E-8AC7-1DAF687A4971}.Ad-Hoc|iPhoneSimulator.Build.0 = Release|Any CPU
		{8DCD350F-EB25-475E-8AC7-1DAF687A4971}.Ad-Hoc|iPhoneSimulator.Deploy.0 = Release|Any CPU
		{8DCD350F-EB25-475E-8AC7-1DAF687A4971}.Ad-Hoc|x64.ActiveCfg = Release|Any CPU
		{8DCD350F-EB25-475E-8AC7-1DAF687A4971}.Ad-Hoc|x64.Build.0 = Release|Any CPU
		{8DCD350F-EB25-475E-8AC7-1DAF687A4971}.Ad-Hoc|x64.Deploy.0 = Release|Any CPU
		{8DCD350F-EB25-475E-8AC7-1DAF687A4971}.Ad-Hoc|x86.ActiveCfg = Release|Any CPU
		{8DCD350F-EB25-475E-8AC7-1DAF687A4971}.Ad-Hoc|x86.Build.0 = Release|Any CPU
		{8DCD350F-EB25-475E-8AC7-1DAF687A4971}.Ad-Hoc|x86.Deploy.0 = Release|Any CPU
		{8DCD350F-EB25-475E-8AC7-1DAF687A4971}.AppStore|Any CPU.ActiveCfg = Release|Any CPU
		{8DCD350F-EB25-475E-8AC7-1DAF687A4971}.AppStore|Any CPU.Build.0 = Release|Any CPU
		{8DCD350F-EB25-475E-8AC7-1DAF687A4971}.AppStore|Any CPU.Deploy.0 = Release|Any CPU
		{8DCD350F-EB25-475E-8AC7-1DAF687A4971}.AppStore|ARM.ActiveCfg = Release|Any CPU
		{8DCD350F-EB25-475E-8AC7-1DAF687A4971}.AppStore|ARM.Build.0 = Release|Any CPU
		{8DCD350F-EB25-475E-8AC7-1DAF687A4971}.AppStore|ARM.Deploy.0 = Release|Any CPU
		{8DCD350F-EB25-475E-8AC7-1DAF687A4971}.AppStore|iPhone.ActiveCfg = Release|Any CPU
		{8DCD350F-EB25-475E-8AC7-1DAF687A4971}.AppStore|iPhone.Build.0 = Release|Any CPU
		{8DCD350F-EB25-475E-8AC7-1DAF687A4971}.AppStore|iPhone.Deploy.0 = Release|Any CPU
		{8DCD350F-EB25-475E-8AC7-1DAF687A4971}.AppStore|iPhoneSimulator.ActiveCfg = Release|Any CPU
		{8DCD350F-EB25-475E-8AC7-1DAF687A4971}.AppStore|iPhoneSimulator.Build.0 = Release|Any CPU
		{8DCD350F-EB25-475E-8AC7-1DAF687A4971}.AppStore|iPhoneSimulator.Deploy.0 = Release|Any CPU
		{8DCD350F-EB25-475E-8AC7-1DAF687A4971}.AppStore|x64.ActiveCfg = Release|Any CPU
		{8DCD350F-EB25-475E-8AC7-1DAF687A4971}.AppStore|x64.Build.0 = Release|Any CPU
		{8DCD350F-EB25-475E-8AC7-1DAF687A4971}.AppStore|x64.Deploy.0 = Release|Any CPU
		{8DCD350F-EB25-475E-8AC7-1DAF687A4971}.AppStore|x86.ActiveCfg = Release|Any CPU
		{8DCD350F-EB25-475E-8AC7-1DAF687A4971}.AppStore|x86.Build.0 = Release|Any CPU
		{8DCD350F-EB25-475E-8AC7-1DAF687A4971}.AppStore|x86.Deploy.0 = Release|Any CPU
		{8DCD350F-EB25-475E-8AC7-1DAF687A4971}.Debug|Any CPU.ActiveCfg = Debug|Any CPU
		{8DCD350F-EB25-475E-8AC7-1DAF687A4971}.Debug|Any CPU.Build.0 = Debug|Any CPU
		{8DCD350F-EB25-475E-8AC7-1DAF687A4971}.Debug|Any CPU.Deploy.0 = Debug|Any CPU
		{8DCD350F-EB25-475E-8AC7-1DAF687A4971}.Debug|ARM.ActiveCfg = Debug|Any CPU
		{8DCD350F-EB25-475E-8AC7-1DAF687A4971}.Debug|ARM.Build.0 = Debug|Any CPU
		{8DCD350F-EB25-475E-8AC7-1DAF687A4971}.Debug|ARM.Deploy.0 = Debug|Any CPU
		{8DCD350F-EB25-475E-8AC7-1DAF687A4971}.Debug|iPhone.ActiveCfg = Debug|Any CPU
		{8DCD350F-EB25-475E-8AC7-1DAF687A4971}.Debug|iPhone.Build.0 = Debug|Any CPU
		{8DCD350F-EB25-475E-8AC7-1DAF687A4971}.Debug|iPhone.Deploy.0 = Debug|Any CPU
		{8DCD350F-EB25-475E-8AC7-1DAF687A4971}.Debug|iPhoneSimulator.ActiveCfg = Debug|Any CPU
		{8DCD350F-EB25-475E-8AC7-1DAF687A4971}.Debug|iPhoneSimulator.Build.0 = Debug|Any CPU
		{8DCD350F-EB25-475E-8AC7-1DAF687A4971}.Debug|iPhoneSimulator.Deploy.0 = Debug|Any CPU
		{8DCD350F-EB25-475E-8AC7-1DAF687A4971}.Debug|x64.ActiveCfg = Debug|Any CPU
		{8DCD350F-EB25-475E-8AC7-1DAF687A4971}.Debug|x64.Build.0 = Debug|Any CPU
		{8DCD350F-EB25-475E-8AC7-1DAF687A4971}.Debug|x64.Deploy.0 = Debug|Any CPU
		{8DCD350F-EB25-475E-8AC7-1DAF687A4971}.Debug|x86.ActiveCfg = Debug|Any CPU
		{8DCD350F-EB25-475E-8AC7-1DAF687A4971}.Debug|x86.Build.0 = Debug|Any CPU
		{8DCD350F-EB25-475E-8AC7-1DAF687A4971}.Debug|x86.Deploy.0 = Debug|Any CPU
		{8DCD350F-EB25-475E-8AC7-1DAF687A4971}.Release|Any CPU.ActiveCfg = Release|Any CPU
		{8DCD350F-EB25-475E-8AC7-1DAF687A4971}.Release|Any CPU.Build.0 = Release|Any CPU
		{8DCD350F-EB25-475E-8AC7-1DAF687A4971}.Release|Any CPU.Deploy.0 = Release|Any CPU
		{8DCD350F-EB25-475E-8AC7-1DAF687A4971}.Release|ARM.ActiveCfg = Release|Any CPU
		{8DCD350F-EB25-475E-8AC7-1DAF687A4971}.Release|ARM.Build.0 = Release|Any CPU
		{8DCD350F-EB25-475E-8AC7-1DAF687A4971}.Release|ARM.Deploy.0 = Release|Any CPU
		{8DCD350F-EB25-475E-8AC7-1DAF687A4971}.Release|iPhone.ActiveCfg = Release|Any CPU
		{8DCD350F-EB25-475E-8AC7-1DAF687A4971}.Release|iPhone.Build.0 = Release|Any CPU
		{8DCD350F-EB25-475E-8AC7-1DAF687A4971}.Release|iPhone.Deploy.0 = Release|Any CPU
		{8DCD350F-EB25-475E-8AC7-1DAF687A4971}.Release|iPhoneSimulator.ActiveCfg = Release|Any CPU
		{8DCD350F-EB25-475E-8AC7-1DAF687A4971}.Release|iPhoneSimulator.Build.0 = Release|Any CPU
		{8DCD350F-EB25-475E-8AC7-1DAF687A4971}.Release|iPhoneSimulator.Deploy.0 = Release|Any CPU
		{8DCD350F-EB25-475E-8AC7-1DAF687A4971}.Release|x64.ActiveCfg = Release|Any CPU
		{8DCD350F-EB25-475E-8AC7-1DAF687A4971}.Release|x64.Build.0 = Release|Any CPU
		{8DCD350F-EB25-475E-8AC7-1DAF687A4971}.Release|x64.Deploy.0 = Release|Any CPU
		{8DCD350F-EB25-475E-8AC7-1DAF687A4971}.Release|x86.ActiveCfg = Release|Any CPU
		{8DCD350F-EB25-475E-8AC7-1DAF687A4971}.Release|x86.Build.0 = Release|Any CPU
		{8DCD350F-EB25-475E-8AC7-1DAF687A4971}.Release|x86.Deploy.0 = Release|Any CPU
		{0E72B17A-C2C0-4CC4-9370-1BB2B9798021}.Ad-Hoc|Any CPU.ActiveCfg = Release|Any CPU
		{0E72B17A-C2C0-4CC4-9370-1BB2B9798021}.Ad-Hoc|Any CPU.Build.0 = Release|Any CPU
		{0E72B17A-C2C0-4CC4-9370-1BB2B9798021}.Ad-Hoc|ARM.ActiveCfg = Release|Any CPU
		{0E72B17A-C2C0-4CC4-9370-1BB2B9798021}.Ad-Hoc|ARM.Build.0 = Release|Any CPU
		{0E72B17A-C2C0-4CC4-9370-1BB2B9798021}.Ad-Hoc|iPhone.ActiveCfg = Release|Any CPU
		{0E72B17A-C2C0-4CC4-9370-1BB2B9798021}.Ad-Hoc|iPhone.Build.0 = Release|Any CPU
		{0E72B17A-C2C0-4CC4-9370-1BB2B9798021}.Ad-Hoc|iPhoneSimulator.ActiveCfg = Release|Any CPU
		{0E72B17A-C2C0-4CC4-9370-1BB2B9798021}.Ad-Hoc|iPhoneSimulator.Build.0 = Release|Any CPU
		{0E72B17A-C2C0-4CC4-9370-1BB2B9798021}.Ad-Hoc|x64.ActiveCfg = Release|Any CPU
		{0E72B17A-C2C0-4CC4-9370-1BB2B9798021}.Ad-Hoc|x64.Build.0 = Release|Any CPU
		{0E72B17A-C2C0-4CC4-9370-1BB2B9798021}.Ad-Hoc|x86.ActiveCfg = Release|Any CPU
		{0E72B17A-C2C0-4CC4-9370-1BB2B9798021}.Ad-Hoc|x86.Build.0 = Release|Any CPU
		{0E72B17A-C2C0-4CC4-9370-1BB2B9798021}.AppStore|Any CPU.ActiveCfg = Release|Any CPU
		{0E72B17A-C2C0-4CC4-9370-1BB2B9798021}.AppStore|Any CPU.Build.0 = Release|Any CPU
		{0E72B17A-C2C0-4CC4-9370-1BB2B9798021}.AppStore|ARM.ActiveCfg = Release|Any CPU
		{0E72B17A-C2C0-4CC4-9370-1BB2B9798021}.AppStore|ARM.Build.0 = Release|Any CPU
		{0E72B17A-C2C0-4CC4-9370-1BB2B9798021}.AppStore|iPhone.ActiveCfg = Release|Any CPU
		{0E72B17A-C2C0-4CC4-9370-1BB2B9798021}.AppStore|iPhone.Build.0 = Release|Any CPU
		{0E72B17A-C2C0-4CC4-9370-1BB2B9798021}.AppStore|iPhoneSimulator.ActiveCfg = Release|Any CPU
		{0E72B17A-C2C0-4CC4-9370-1BB2B9798021}.AppStore|iPhoneSimulator.Build.0 = Release|Any CPU
		{0E72B17A-C2C0-4CC4-9370-1BB2B9798021}.AppStore|x64.ActiveCfg = Release|Any CPU
		{0E72B17A-C2C0-4CC4-9370-1BB2B9798021}.AppStore|x64.Build.0 = Release|Any CPU
		{0E72B17A-C2C0-4CC4-9370-1BB2B9798021}.AppStore|x86.ActiveCfg = Release|Any CPU
		{0E72B17A-C2C0-4CC4-9370-1BB2B9798021}.AppStore|x86.Build.0 = Release|Any CPU
		{0E72B17A-C2C0-4CC4-9370-1BB2B9798021}.Debug|Any CPU.ActiveCfg = Debug|Any CPU
		{0E72B17A-C2C0-4CC4-9370-1BB2B9798021}.Debug|Any CPU.Build.0 = Debug|Any CPU
		{0E72B17A-C2C0-4CC4-9370-1BB2B9798021}.Debug|ARM.ActiveCfg = Debug|Any CPU
		{0E72B17A-C2C0-4CC4-9370-1BB2B9798021}.Debug|ARM.Build.0 = Debug|Any CPU
		{0E72B17A-C2C0-4CC4-9370-1BB2B9798021}.Debug|iPhone.ActiveCfg = Debug|Any CPU
		{0E72B17A-C2C0-4CC4-9370-1BB2B9798021}.Debug|iPhone.Build.0 = Debug|Any CPU
		{0E72B17A-C2C0-4CC4-9370-1BB2B9798021}.Debug|iPhoneSimulator.ActiveCfg = Debug|Any CPU
		{0E72B17A-C2C0-4CC4-9370-1BB2B9798021}.Debug|iPhoneSimulator.Build.0 = Debug|Any CPU
		{0E72B17A-C2C0-4CC4-9370-1BB2B9798021}.Debug|x64.ActiveCfg = Debug|Any CPU
		{0E72B17A-C2C0-4CC4-9370-1BB2B9798021}.Debug|x64.Build.0 = Debug|Any CPU
		{0E72B17A-C2C0-4CC4-9370-1BB2B9798021}.Debug|x86.ActiveCfg = Debug|Any CPU
		{0E72B17A-C2C0-4CC4-9370-1BB2B9798021}.Debug|x86.Build.0 = Debug|Any CPU
		{0E72B17A-C2C0-4CC4-9370-1BB2B9798021}.Release|Any CPU.ActiveCfg = Release|Any CPU
		{0E72B17A-C2C0-4CC4-9370-1BB2B9798021}.Release|Any CPU.Build.0 = Release|Any CPU
		{0E72B17A-C2C0-4CC4-9370-1BB2B9798021}.Release|ARM.ActiveCfg = Release|Any CPU
		{0E72B17A-C2C0-4CC4-9370-1BB2B9798021}.Release|ARM.Build.0 = Release|Any CPU
		{0E72B17A-C2C0-4CC4-9370-1BB2B9798021}.Release|iPhone.ActiveCfg = Release|Any CPU
		{0E72B17A-C2C0-4CC4-9370-1BB2B9798021}.Release|iPhone.Build.0 = Release|Any CPU
		{0E72B17A-C2C0-4CC4-9370-1BB2B9798021}.Release|iPhoneSimulator.ActiveCfg = Release|Any CPU
		{0E72B17A-C2C0-4CC4-9370-1BB2B9798021}.Release|iPhoneSimulator.Build.0 = Release|Any CPU
		{0E72B17A-C2C0-4CC4-9370-1BB2B9798021}.Release|x64.ActiveCfg = Release|Any CPU
		{0E72B17A-C2C0-4CC4-9370-1BB2B9798021}.Release|x64.Build.0 = Release|Any CPU
		{0E72B17A-C2C0-4CC4-9370-1BB2B9798021}.Release|x86.ActiveCfg = Release|Any CPU
		{0E72B17A-C2C0-4CC4-9370-1BB2B9798021}.Release|x86.Build.0 = Release|Any CPU
		{B52999CE-B1B7-475D-8EAB-A31696985FCE}.Ad-Hoc|Any CPU.ActiveCfg = Release|x86
		{B52999CE-B1B7-475D-8EAB-A31696985FCE}.Ad-Hoc|Any CPU.Build.0 = Release|x86
		{B52999CE-B1B7-475D-8EAB-A31696985FCE}.Ad-Hoc|Any CPU.Deploy.0 = Release|x86
		{B52999CE-B1B7-475D-8EAB-A31696985FCE}.Ad-Hoc|ARM.ActiveCfg = Release|ARM
		{B52999CE-B1B7-475D-8EAB-A31696985FCE}.Ad-Hoc|ARM.Build.0 = Release|ARM
		{B52999CE-B1B7-475D-8EAB-A31696985FCE}.Ad-Hoc|ARM.Deploy.0 = Release|ARM
		{B52999CE-B1B7-475D-8EAB-A31696985FCE}.Ad-Hoc|iPhone.ActiveCfg = Release|x86
		{B52999CE-B1B7-475D-8EAB-A31696985FCE}.Ad-Hoc|iPhone.Build.0 = Release|x86
		{B52999CE-B1B7-475D-8EAB-A31696985FCE}.Ad-Hoc|iPhone.Deploy.0 = Release|x86
		{B52999CE-B1B7-475D-8EAB-A31696985FCE}.Ad-Hoc|iPhoneSimulator.ActiveCfg = Release|x86
		{B52999CE-B1B7-475D-8EAB-A31696985FCE}.Ad-Hoc|iPhoneSimulator.Build.0 = Release|x86
		{B52999CE-B1B7-475D-8EAB-A31696985FCE}.Ad-Hoc|iPhoneSimulator.Deploy.0 = Release|x86
		{B52999CE-B1B7-475D-8EAB-A31696985FCE}.Ad-Hoc|x64.ActiveCfg = Release|x64
		{B52999CE-B1B7-475D-8EAB-A31696985FCE}.Ad-Hoc|x64.Build.0 = Release|x64
		{B52999CE-B1B7-475D-8EAB-A31696985FCE}.Ad-Hoc|x64.Deploy.0 = Release|x64
		{B52999CE-B1B7-475D-8EAB-A31696985FCE}.Ad-Hoc|x86.ActiveCfg = Release|x86
		{B52999CE-B1B7-475D-8EAB-A31696985FCE}.Ad-Hoc|x86.Build.0 = Release|x86
		{B52999CE-B1B7-475D-8EAB-A31696985FCE}.Ad-Hoc|x86.Deploy.0 = Release|x86
		{B52999CE-B1B7-475D-8EAB-A31696985FCE}.AppStore|Any CPU.ActiveCfg = Release|x86
		{B52999CE-B1B7-475D-8EAB-A31696985FCE}.AppStore|Any CPU.Build.0 = Release|x86
		{B52999CE-B1B7-475D-8EAB-A31696985FCE}.AppStore|Any CPU.Deploy.0 = Release|x86
		{B52999CE-B1B7-475D-8EAB-A31696985FCE}.AppStore|ARM.ActiveCfg = Release|ARM
		{B52999CE-B1B7-475D-8EAB-A31696985FCE}.AppStore|ARM.Build.0 = Release|ARM
		{B52999CE-B1B7-475D-8EAB-A31696985FCE}.AppStore|ARM.Deploy.0 = Release|ARM
		{B52999CE-B1B7-475D-8EAB-A31696985FCE}.AppStore|iPhone.ActiveCfg = Release|x86
		{B52999CE-B1B7-475D-8EAB-A31696985FCE}.AppStore|iPhone.Build.0 = Release|x86
		{B52999CE-B1B7-475D-8EAB-A31696985FCE}.AppStore|iPhone.Deploy.0 = Release|x86
		{B52999CE-B1B7-475D-8EAB-A31696985FCE}.AppStore|iPhoneSimulator.ActiveCfg = Release|x86
		{B52999CE-B1B7-475D-8EAB-A31696985FCE}.AppStore|iPhoneSimulator.Build.0 = Release|x86
		{B52999CE-B1B7-475D-8EAB-A31696985FCE}.AppStore|iPhoneSimulator.Deploy.0 = Release|x86
		{B52999CE-B1B7-475D-8EAB-A31696985FCE}.AppStore|x64.ActiveCfg = Release|x64
		{B52999CE-B1B7-475D-8EAB-A31696985FCE}.AppStore|x64.Build.0 = Release|x64
		{B52999CE-B1B7-475D-8EAB-A31696985FCE}.AppStore|x64.Deploy.0 = Release|x64
		{B52999CE-B1B7-475D-8EAB-A31696985FCE}.AppStore|x86.ActiveCfg = Release|x86
		{B52999CE-B1B7-475D-8EAB-A31696985FCE}.AppStore|x86.Build.0 = Release|x86
		{B52999CE-B1B7-475D-8EAB-A31696985FCE}.AppStore|x86.Deploy.0 = Release|x86
		{B52999CE-B1B7-475D-8EAB-A31696985FCE}.Debug|Any CPU.ActiveCfg = Debug|x86
		{B52999CE-B1B7-475D-8EAB-A31696985FCE}.Debug|Any CPU.Build.0 = Debug|x86
		{B52999CE-B1B7-475D-8EAB-A31696985FCE}.Debug|Any CPU.Deploy.0 = Debug|x86
		{B52999CE-B1B7-475D-8EAB-A31696985FCE}.Debug|ARM.ActiveCfg = Debug|ARM
		{B52999CE-B1B7-475D-8EAB-A31696985FCE}.Debug|ARM.Build.0 = Debug|ARM
		{B52999CE-B1B7-475D-8EAB-A31696985FCE}.Debug|ARM.Deploy.0 = Debug|ARM
		{B52999CE-B1B7-475D-8EAB-A31696985FCE}.Debug|iPhone.ActiveCfg = Debug|x86
		{B52999CE-B1B7-475D-8EAB-A31696985FCE}.Debug|iPhoneSimulator.ActiveCfg = Debug|x86
		{B52999CE-B1B7-475D-8EAB-A31696985FCE}.Debug|x64.ActiveCfg = Debug|x64
		{B52999CE-B1B7-475D-8EAB-A31696985FCE}.Debug|x64.Build.0 = Debug|x64
		{B52999CE-B1B7-475D-8EAB-A31696985FCE}.Debug|x64.Deploy.0 = Debug|x64
		{B52999CE-B1B7-475D-8EAB-A31696985FCE}.Debug|x86.ActiveCfg = Debug|x86
		{B52999CE-B1B7-475D-8EAB-A31696985FCE}.Debug|x86.Build.0 = Debug|x86
		{B52999CE-B1B7-475D-8EAB-A31696985FCE}.Debug|x86.Deploy.0 = Debug|x86
		{B52999CE-B1B7-475D-8EAB-A31696985FCE}.Release|Any CPU.ActiveCfg = Release|x86
		{B52999CE-B1B7-475D-8EAB-A31696985FCE}.Release|ARM.ActiveCfg = Release|ARM
		{B52999CE-B1B7-475D-8EAB-A31696985FCE}.Release|ARM.Build.0 = Release|ARM
		{B52999CE-B1B7-475D-8EAB-A31696985FCE}.Release|ARM.Deploy.0 = Release|ARM
		{B52999CE-B1B7-475D-8EAB-A31696985FCE}.Release|iPhone.ActiveCfg = Release|x86
		{B52999CE-B1B7-475D-8EAB-A31696985FCE}.Release|iPhoneSimulator.ActiveCfg = Release|x86
		{B52999CE-B1B7-475D-8EAB-A31696985FCE}.Release|x64.ActiveCfg = Release|x64
		{B52999CE-B1B7-475D-8EAB-A31696985FCE}.Release|x64.Build.0 = Release|x64
		{B52999CE-B1B7-475D-8EAB-A31696985FCE}.Release|x64.Deploy.0 = Release|x64
		{B52999CE-B1B7-475D-8EAB-A31696985FCE}.Release|x86.ActiveCfg = Release|x86
		{B52999CE-B1B7-475D-8EAB-A31696985FCE}.Release|x86.Build.0 = Release|x86
		{B52999CE-B1B7-475D-8EAB-A31696985FCE}.Release|x86.Deploy.0 = Release|x86
		{99ED98FB-B623-4E5D-B491-4133B293D45D}.Ad-Hoc|Any CPU.ActiveCfg = Ad-Hoc|iPhone
		{99ED98FB-B623-4E5D-B491-4133B293D45D}.Ad-Hoc|ARM.ActiveCfg = Ad-Hoc|iPhone
		{99ED98FB-B623-4E5D-B491-4133B293D45D}.Ad-Hoc|iPhone.ActiveCfg = Ad-Hoc|iPhone
		{99ED98FB-B623-4E5D-B491-4133B293D45D}.Ad-Hoc|iPhone.Build.0 = Ad-Hoc|iPhone
		{99ED98FB-B623-4E5D-B491-4133B293D45D}.Ad-Hoc|iPhoneSimulator.ActiveCfg = Ad-Hoc|iPhoneSimulator
		{99ED98FB-B623-4E5D-B491-4133B293D45D}.Ad-Hoc|iPhoneSimulator.Build.0 = Ad-Hoc|iPhoneSimulator
		{99ED98FB-B623-4E5D-B491-4133B293D45D}.Ad-Hoc|x64.ActiveCfg = Ad-Hoc|iPhone
		{99ED98FB-B623-4E5D-B491-4133B293D45D}.Ad-Hoc|x86.ActiveCfg = Ad-Hoc|iPhone
		{99ED98FB-B623-4E5D-B491-4133B293D45D}.AppStore|Any CPU.ActiveCfg = AppStore|iPhone
		{99ED98FB-B623-4E5D-B491-4133B293D45D}.AppStore|ARM.ActiveCfg = AppStore|iPhone
		{99ED98FB-B623-4E5D-B491-4133B293D45D}.AppStore|iPhone.ActiveCfg = AppStore|iPhone
		{99ED98FB-B623-4E5D-B491-4133B293D45D}.AppStore|iPhone.Build.0 = AppStore|iPhone
		{99ED98FB-B623-4E5D-B491-4133B293D45D}.AppStore|iPhoneSimulator.ActiveCfg = AppStore|iPhoneSimulator
		{99ED98FB-B623-4E5D-B491-4133B293D45D}.AppStore|iPhoneSimulator.Build.0 = AppStore|iPhoneSimulator
		{99ED98FB-B623-4E5D-B491-4133B293D45D}.AppStore|x64.ActiveCfg = AppStore|iPhone
		{99ED98FB-B623-4E5D-B491-4133B293D45D}.AppStore|x86.ActiveCfg = AppStore|iPhone
		{99ED98FB-B623-4E5D-B491-4133B293D45D}.Debug|Any CPU.ActiveCfg = Debug|iPhone
		{99ED98FB-B623-4E5D-B491-4133B293D45D}.Debug|ARM.ActiveCfg = Debug|iPhone
		{99ED98FB-B623-4E5D-B491-4133B293D45D}.Debug|iPhone.ActiveCfg = Debug|iPhone
		{99ED98FB-B623-4E5D-B491-4133B293D45D}.Debug|iPhone.Build.0 = Debug|iPhone
		{99ED98FB-B623-4E5D-B491-4133B293D45D}.Debug|iPhoneSimulator.ActiveCfg = Debug|iPhoneSimulator
		{99ED98FB-B623-4E5D-B491-4133B293D45D}.Debug|iPhoneSimulator.Build.0 = Debug|iPhoneSimulator
		{99ED98FB-B623-4E5D-B491-4133B293D45D}.Debug|x64.ActiveCfg = Debug|iPhone
		{99ED98FB-B623-4E5D-B491-4133B293D45D}.Debug|x86.ActiveCfg = Debug|iPhone
		{99ED98FB-B623-4E5D-B491-4133B293D45D}.Release|Any CPU.ActiveCfg = Release|iPhone
		{99ED98FB-B623-4E5D-B491-4133B293D45D}.Release|ARM.ActiveCfg = Release|iPhone
		{99ED98FB-B623-4E5D-B491-4133B293D45D}.Release|iPhone.ActiveCfg = Release|iPhone
		{99ED98FB-B623-4E5D-B491-4133B293D45D}.Release|iPhone.Build.0 = Release|iPhone
		{99ED98FB-B623-4E5D-B491-4133B293D45D}.Release|iPhoneSimulator.ActiveCfg = Release|iPhoneSimulator
		{99ED98FB-B623-4E5D-B491-4133B293D45D}.Release|iPhoneSimulator.Build.0 = Release|iPhoneSimulator
		{99ED98FB-B623-4E5D-B491-4133B293D45D}.Release|x64.ActiveCfg = Release|iPhone
		{99ED98FB-B623-4E5D-B491-4133B293D45D}.Release|x86.ActiveCfg = Release|iPhone
		{D7DFCFDB-88E4-4BFF-B6F6-91566403A6C5}.Ad-Hoc|Any CPU.ActiveCfg = Release|Any CPU
		{D7DFCFDB-88E4-4BFF-B6F6-91566403A6C5}.Ad-Hoc|Any CPU.Build.0 = Release|Any CPU
		{D7DFCFDB-88E4-4BFF-B6F6-91566403A6C5}.Ad-Hoc|Any CPU.Deploy.0 = Release|Any CPU
		{D7DFCFDB-88E4-4BFF-B6F6-91566403A6C5}.Ad-Hoc|ARM.ActiveCfg = Release|ARM
		{D7DFCFDB-88E4-4BFF-B6F6-91566403A6C5}.Ad-Hoc|ARM.Build.0 = Release|ARM
		{D7DFCFDB-88E4-4BFF-B6F6-91566403A6C5}.Ad-Hoc|ARM.Deploy.0 = Release|ARM
		{D7DFCFDB-88E4-4BFF-B6F6-91566403A6C5}.Ad-Hoc|iPhone.ActiveCfg = Release|Any CPU
		{D7DFCFDB-88E4-4BFF-B6F6-91566403A6C5}.Ad-Hoc|iPhone.Build.0 = Release|Any CPU
		{D7DFCFDB-88E4-4BFF-B6F6-91566403A6C5}.Ad-Hoc|iPhone.Deploy.0 = Release|Any CPU
		{D7DFCFDB-88E4-4BFF-B6F6-91566403A6C5}.Ad-Hoc|iPhoneSimulator.ActiveCfg = Release|Any CPU
		{D7DFCFDB-88E4-4BFF-B6F6-91566403A6C5}.Ad-Hoc|iPhoneSimulator.Build.0 = Release|Any CPU
		{D7DFCFDB-88E4-4BFF-B6F6-91566403A6C5}.Ad-Hoc|iPhoneSimulator.Deploy.0 = Release|Any CPU
		{D7DFCFDB-88E4-4BFF-B6F6-91566403A6C5}.Ad-Hoc|x64.ActiveCfg = Release|Any CPU
		{D7DFCFDB-88E4-4BFF-B6F6-91566403A6C5}.Ad-Hoc|x64.Build.0 = Release|Any CPU
		{D7DFCFDB-88E4-4BFF-B6F6-91566403A6C5}.Ad-Hoc|x64.Deploy.0 = Release|Any CPU
		{D7DFCFDB-88E4-4BFF-B6F6-91566403A6C5}.Ad-Hoc|x86.ActiveCfg = Release|x86
		{D7DFCFDB-88E4-4BFF-B6F6-91566403A6C5}.Ad-Hoc|x86.Build.0 = Release|x86
		{D7DFCFDB-88E4-4BFF-B6F6-91566403A6C5}.Ad-Hoc|x86.Deploy.0 = Release|x86
		{D7DFCFDB-88E4-4BFF-B6F6-91566403A6C5}.AppStore|Any CPU.ActiveCfg = Release|Any CPU
		{D7DFCFDB-88E4-4BFF-B6F6-91566403A6C5}.AppStore|Any CPU.Build.0 = Release|Any CPU
		{D7DFCFDB-88E4-4BFF-B6F6-91566403A6C5}.AppStore|Any CPU.Deploy.0 = Release|Any CPU
		{D7DFCFDB-88E4-4BFF-B6F6-91566403A6C5}.AppStore|ARM.ActiveCfg = Release|ARM
		{D7DFCFDB-88E4-4BFF-B6F6-91566403A6C5}.AppStore|ARM.Build.0 = Release|ARM
		{D7DFCFDB-88E4-4BFF-B6F6-91566403A6C5}.AppStore|ARM.Deploy.0 = Release|ARM
		{D7DFCFDB-88E4-4BFF-B6F6-91566403A6C5}.AppStore|iPhone.ActiveCfg = Release|Any CPU
		{D7DFCFDB-88E4-4BFF-B6F6-91566403A6C5}.AppStore|iPhone.Build.0 = Release|Any CPU
		{D7DFCFDB-88E4-4BFF-B6F6-91566403A6C5}.AppStore|iPhone.Deploy.0 = Release|Any CPU
		{D7DFCFDB-88E4-4BFF-B6F6-91566403A6C5}.AppStore|iPhoneSimulator.ActiveCfg = Release|Any CPU
		{D7DFCFDB-88E4-4BFF-B6F6-91566403A6C5}.AppStore|iPhoneSimulator.Build.0 = Release|Any CPU
		{D7DFCFDB-88E4-4BFF-B6F6-91566403A6C5}.AppStore|iPhoneSimulator.Deploy.0 = Release|Any CPU
		{D7DFCFDB-88E4-4BFF-B6F6-91566403A6C5}.AppStore|x64.ActiveCfg = Release|Any CPU
		{D7DFCFDB-88E4-4BFF-B6F6-91566403A6C5}.AppStore|x64.Build.0 = Release|Any CPU
		{D7DFCFDB-88E4-4BFF-B6F6-91566403A6C5}.AppStore|x64.Deploy.0 = Release|Any CPU
		{D7DFCFDB-88E4-4BFF-B6F6-91566403A6C5}.AppStore|x86.ActiveCfg = Release|x86
		{D7DFCFDB-88E4-4BFF-B6F6-91566403A6C5}.AppStore|x86.Build.0 = Release|x86
		{D7DFCFDB-88E4-4BFF-B6F6-91566403A6C5}.AppStore|x86.Deploy.0 = Release|x86
		{D7DFCFDB-88E4-4BFF-B6F6-91566403A6C5}.Debug|Any CPU.ActiveCfg = Debug|Any CPU
		{D7DFCFDB-88E4-4BFF-B6F6-91566403A6C5}.Debug|Any CPU.Build.0 = Debug|Any CPU
		{D7DFCFDB-88E4-4BFF-B6F6-91566403A6C5}.Debug|Any CPU.Deploy.0 = Debug|Any CPU
		{D7DFCFDB-88E4-4BFF-B6F6-91566403A6C5}.Debug|ARM.ActiveCfg = Debug|ARM
		{D7DFCFDB-88E4-4BFF-B6F6-91566403A6C5}.Debug|ARM.Build.0 = Debug|ARM
		{D7DFCFDB-88E4-4BFF-B6F6-91566403A6C5}.Debug|ARM.Deploy.0 = Debug|ARM
		{D7DFCFDB-88E4-4BFF-B6F6-91566403A6C5}.Debug|iPhone.ActiveCfg = Debug|Any CPU
		{D7DFCFDB-88E4-4BFF-B6F6-91566403A6C5}.Debug|iPhone.Build.0 = Debug|Any CPU
		{D7DFCFDB-88E4-4BFF-B6F6-91566403A6C5}.Debug|iPhone.Deploy.0 = Debug|Any CPU
		{D7DFCFDB-88E4-4BFF-B6F6-91566403A6C5}.Debug|iPhoneSimulator.ActiveCfg = Debug|Any CPU
		{D7DFCFDB-88E4-4BFF-B6F6-91566403A6C5}.Debug|iPhoneSimulator.Build.0 = Debug|Any CPU
		{D7DFCFDB-88E4-4BFF-B6F6-91566403A6C5}.Debug|iPhoneSimulator.Deploy.0 = Debug|Any CPU
		{D7DFCFDB-88E4-4BFF-B6F6-91566403A6C5}.Debug|x64.ActiveCfg = Debug|Any CPU
		{D7DFCFDB-88E4-4BFF-B6F6-91566403A6C5}.Debug|x64.Build.0 = Debug|Any CPU
		{D7DFCFDB-88E4-4BFF-B6F6-91566403A6C5}.Debug|x64.Deploy.0 = Debug|Any CPU
		{D7DFCFDB-88E4-4BFF-B6F6-91566403A6C5}.Debug|x86.ActiveCfg = Debug|x86
		{D7DFCFDB-88E4-4BFF-B6F6-91566403A6C5}.Debug|x86.Build.0 = Debug|x86
		{D7DFCFDB-88E4-4BFF-B6F6-91566403A6C5}.Debug|x86.Deploy.0 = Debug|x86
		{D7DFCFDB-88E4-4BFF-B6F6-91566403A6C5}.Release|Any CPU.ActiveCfg = Release|Any CPU
		{D7DFCFDB-88E4-4BFF-B6F6-91566403A6C5}.Release|Any CPU.Build.0 = Release|Any CPU
		{D7DFCFDB-88E4-4BFF-B6F6-91566403A6C5}.Release|Any CPU.Deploy.0 = Release|Any CPU
		{D7DFCFDB-88E4-4BFF-B6F6-91566403A6C5}.Release|ARM.ActiveCfg = Release|ARM
		{D7DFCFDB-88E4-4BFF-B6F6-91566403A6C5}.Release|ARM.Build.0 = Release|ARM
		{D7DFCFDB-88E4-4BFF-B6F6-91566403A6C5}.Release|ARM.Deploy.0 = Release|ARM
		{D7DFCFDB-88E4-4BFF-B6F6-91566403A6C5}.Release|iPhone.ActiveCfg = Release|Any CPU
		{D7DFCFDB-88E4-4BFF-B6F6-91566403A6C5}.Release|iPhone.Build.0 = Release|Any CPU
		{D7DFCFDB-88E4-4BFF-B6F6-91566403A6C5}.Release|iPhone.Deploy.0 = Release|Any CPU
		{D7DFCFDB-88E4-4BFF-B6F6-91566403A6C5}.Release|iPhoneSimulator.ActiveCfg = Release|Any CPU
		{D7DFCFDB-88E4-4BFF-B6F6-91566403A6C5}.Release|iPhoneSimulator.Build.0 = Release|Any CPU
		{D7DFCFDB-88E4-4BFF-B6F6-91566403A6C5}.Release|iPhoneSimulator.Deploy.0 = Release|Any CPU
		{D7DFCFDB-88E4-4BFF-B6F6-91566403A6C5}.Release|x64.ActiveCfg = Release|Any CPU
		{D7DFCFDB-88E4-4BFF-B6F6-91566403A6C5}.Release|x64.Build.0 = Release|Any CPU
		{D7DFCFDB-88E4-4BFF-B6F6-91566403A6C5}.Release|x64.Deploy.0 = Release|Any CPU
		{D7DFCFDB-88E4-4BFF-B6F6-91566403A6C5}.Release|x86.ActiveCfg = Release|x86
		{D7DFCFDB-88E4-4BFF-B6F6-91566403A6C5}.Release|x86.Build.0 = Release|x86
		{D7DFCFDB-88E4-4BFF-B6F6-91566403A6C5}.Release|x86.Deploy.0 = Release|x86
	EndGlobalSection
	GlobalSection(SolutionProperties) = preSolution
		HideSolutionNode = FALSE
	EndGlobalSection
EndGlobal
