
Microsoft Visual Studio Solution File, Format Version 12.00
# Visual Studio Version 16
VisualStudioVersion = 16.0.29503.13
MinimumVisualStudioVersion = 10.0.40219.1
Project("{FAE04EC0-301F-11D3-BF4B-00C04F79EFBC}") = "FEI_News", "FEI News\FEI_News\FEI_News.csproj", "{35498036-1E54-4D9A-96C4-3F421066D8F4}"
EndProject
Project("{FAE04EC0-301F-11D3-BF4B-00C04F79EFBC}") = "FEI_News.Droid", "FEI News\FEI_News.Droid\FEI_News.Droid.csproj", "{296C35DC-ADD3-4E09-8E8B-DFD843B0462F}"
EndProject
Project("{FAE04EC0-301F-11D3-BF4B-00C04F79EFBC}") = "FEI_News.iOS", "FEI News\FEI_News.iOS\FEI_News.iOS.csproj", "{3CCB9625-7DFF-40BA-98B3-49D986CF5EDE}"
EndProject
Global
	GlobalSection(SolutionConfigurationPlatforms) = preSolution
		Ad-Hoc|Any CPU = Ad-Hoc|Any CPU
		Ad-Hoc|ARM = Ad-Hoc|ARM
		Ad-Hoc|iPhone = Ad-Hoc|iPhone
		Ad-Hoc|iPhoneSimulator = Ad-Hoc|iPhoneSimulator
		Ad-Hoc|x64 = Ad-Hoc|x64
		Ad-Hoc|x86 = Ad-Hoc|x86
		AppStore|Any CPU = AppStore|Any CPU
		AppStore|ARM = AppStore|ARM
		AppStore|iPhone = AppStore|iPhone
		AppStore|iPhoneSimulator = AppStore|iPhoneSimulator
		AppStore|x64 = AppStore|x64
		AppStore|x86 = AppStore|x86
		Debug|Any CPU = Debug|Any CPU
		Debug|ARM = Debug|ARM
		Debug|iPhone = Debug|iPhone
		Debug|iPhoneSimulator = Debug|iPhoneSimulator
		Debug|x64 = Debug|x64
		Debug|x86 = Debug|x86
		Release|Any CPU = Release|Any CPU
		Release|ARM = Release|ARM
		Release|iPhone = Release|iPhone
		Release|iPhoneSimulator = Release|iPhoneSimulator
		Release|x64 = Release|x64
		Release|x86 = Release|x86
	EndGlobalSection
	GlobalSection(ProjectConfigurationPlatforms) = postSolution
		{35498036-1E54-4D9A-96C4-3F421066D8F4}.Ad-Hoc|Any CPU.ActiveCfg = Release|Any CPU
		{35498036-1E54-4D9A-96C4-3F421066D8F4}.Ad-Hoc|Any CPU.Build.0 = Release|Any CPU
		{35498036-1E54-4D9A-96C4-3F421066D8F4}.Ad-Hoc|ARM.ActiveCfg = Release|Any CPU
		{35498036-1E54-4D9A-96C4-3F421066D8F4}.Ad-Hoc|ARM.Build.0 = Release|Any CPU
		{35498036-1E54-4D9A-96C4-3F421066D8F4}.Ad-Hoc|iPhone.ActiveCfg = Release|Any CPU
		{35498036-1E54-4D9A-96C4-3F421066D8F4}.Ad-Hoc|iPhone.Build.0 = Release|Any CPU
		{35498036-1E54-4D9A-96C4-3F421066D8F4}.Ad-Hoc|iPhoneSimulator.ActiveCfg = Release|Any CPU
		{35498036-1E54-4D9A-96C4-3F421066D8F4}.Ad-Hoc|iPhoneSimulator.Build.0 = Release|Any CPU
		{35498036-1E54-4D9A-96C4-3F421066D8F4}.Ad-Hoc|x64.ActiveCfg = Release|Any CPU
		{35498036-1E54-4D9A-96C4-3F421066D8F4}.Ad-Hoc|x64.Build.0 = Release|Any CPU
		{35498036-1E54-4D9A-96C4-3F421066D8F4}.Ad-Hoc|x86.ActiveCfg = Release|Any CPU
		{35498036-1E54-4D9A-96C4-3F421066D8F4}.Ad-Hoc|x86.Build.0 = Release|Any CPU
		{35498036-1E54-4D9A-96C4-3F421066D8F4}.AppStore|Any CPU.ActiveCfg = Release|Any CPU
		{35498036-1E54-4D9A-96C4-3F421066D8F4}.AppStore|Any CPU.Build.0 = Release|Any CPU
		{35498036-1E54-4D9A-96C4-3F421066D8F4}.AppStore|ARM.ActiveCfg = Release|Any CPU
		{35498036-1E54-4D9A-96C4-3F421066D8F4}.AppStore|ARM.Build.0 = Release|Any CPU
		{35498036-1E54-4D9A-96C4-3F421066D8F4}.AppStore|iPhone.ActiveCfg = Release|Any CPU
		{35498036-1E54-4D9A-96C4-3F421066D8F4}.AppStore|iPhone.Build.0 = Release|Any CPU
		{35498036-1E54-4D9A-96C4-3F421066D8F4}.AppStore|iPhoneSimulator.ActiveCfg = Release|Any CPU
		{35498036-1E54-4D9A-96C4-3F421066D8F4}.AppStore|iPhoneSimulator.Build.0 = Release|Any CPU
		{35498036-1E54-4D9A-96C4-3F421066D8F4}.AppStore|x64.ActiveCfg = Release|Any CPU
		{35498036-1E54-4D9A-96C4-3F421066D8F4}.AppStore|x64.Build.0 = Release|Any CPU
		{35498036-1E54-4D9A-96C4-3F421066D8F4}.AppStore|x86.ActiveCfg = Release|Any CPU
		{35498036-1E54-4D9A-96C4-3F421066D8F4}.AppStore|x86.Build.0 = Release|Any CPU
		{35498036-1E54-4D9A-96C4-3F421066D8F4}.Debug|Any CPU.ActiveCfg = Debug|Any CPU
		{35498036-1E54-4D9A-96C4-3F421066D8F4}.Debug|Any CPU.Build.0 = Debug|Any CPU
		{35498036-1E54-4D9A-96C4-3F421066D8F4}.Debug|ARM.ActiveCfg = Debug|Any CPU
		{35498036-1E54-4D9A-96C4-3F421066D8F4}.Debug|ARM.Build.0 = Debug|Any CPU
		{35498036-1E54-4D9A-96C4-3F421066D8F4}.Debug|iPhone.ActiveCfg = Debug|Any CPU
		{35498036-1E54-4D9A-96C4-3F421066D8F4}.Debug|iPhone.Build.0 = Debug|Any CPU
		{35498036-1E54-4D9A-96C4-3F421066D8F4}.Debug|iPhoneSimulator.ActiveCfg = Debug|Any CPU
		{35498036-1E54-4D9A-96C4-3F421066D8F4}.Debug|iPhoneSimulator.Build.0 = Debug|Any CPU
		{35498036-1E54-4D9A-96C4-3F421066D8F4}.Debug|x64.ActiveCfg = Debug|Any CPU
		{35498036-1E54-4D9A-96C4-3F421066D8F4}.Debug|x64.Build.0 = Debug|Any CPU
		{35498036-1E54-4D9A-96C4-3F421066D8F4}.Debug|x86.ActiveCfg = Debug|Any CPU
		{35498036-1E54-4D9A-96C4-3F421066D8F4}.Debug|x86.Build.0 = Debug|Any CPU
		{35498036-1E54-4D9A-96C4-3F421066D8F4}.Release|Any CPU.ActiveCfg = Release|Any CPU
		{35498036-1E54-4D9A-96C4-3F421066D8F4}.Release|Any CPU.Build.0 = Release|Any CPU
		{35498036-1E54-4D9A-96C4-3F421066D8F4}.Release|ARM.ActiveCfg = Release|Any CPU
		{35498036-1E54-4D9A-96C4-3F421066D8F4}.Release|ARM.Build.0 = Release|Any CPU
		{35498036-1E54-4D9A-96C4-3F421066D8F4}.Release|iPhone.ActiveCfg = Release|Any CPU
		{35498036-1E54-4D9A-96C4-3F421066D8F4}.Release|iPhone.Build.0 = Release|Any CPU
		{35498036-1E54-4D9A-96C4-3F421066D8F4}.Release|iPhoneSimulator.ActiveCfg = Release|Any CPU
		{35498036-1E54-4D9A-96C4-3F421066D8F4}.Release|iPhoneSimulator.Build.0 = Release|Any CPU
		{35498036-1E54-4D9A-96C4-3F421066D8F4}.Release|x64.ActiveCfg = Release|Any CPU
		{35498036-1E54-4D9A-96C4-3F421066D8F4}.Release|x64.Build.0 = Release|Any CPU
		{35498036-1E54-4D9A-96C4-3F421066D8F4}.Release|x86.ActiveCfg = Release|Any CPU
		{35498036-1E54-4D9A-96C4-3F421066D8F4}.Release|x86.Build.0 = Release|Any CPU
		{296C35DC-ADD3-4E09-8E8B-DFD843B0462F}.Ad-Hoc|Any CPU.ActiveCfg = Release|Any CPU
		{296C35DC-ADD3-4E09-8E8B-DFD843B0462F}.Ad-Hoc|Any CPU.Build.0 = Release|Any CPU
		{296C35DC-ADD3-4E09-8E8B-DFD843B0462F}.Ad-Hoc|Any CPU.Deploy.0 = Release|Any CPU
		{296C35DC-ADD3-4E09-8E8B-DFD843B0462F}.Ad-Hoc|ARM.ActiveCfg = Release|Any CPU
		{296C35DC-ADD3-4E09-8E8B-DFD843B0462F}.Ad-Hoc|ARM.Build.0 = Release|Any CPU
		{296C35DC-ADD3-4E09-8E8B-DFD843B0462F}.Ad-Hoc|ARM.Deploy.0 = Release|Any CPU
		{296C35DC-ADD3-4E09-8E8B-DFD843B0462F}.Ad-Hoc|iPhone.ActiveCfg = Release|Any CPU
		{296C35DC-ADD3-4E09-8E8B-DFD843B0462F}.Ad-Hoc|iPhone.Build.0 = Release|Any CPU
		{296C35DC-ADD3-4E09-8E8B-DFD843B0462F}.Ad-Hoc|iPhone.Deploy.0 = Release|Any CPU
		{296C35DC-ADD3-4E09-8E8B-DFD843B0462F}.Ad-Hoc|iPhoneSimulator.ActiveCfg = Release|Any CPU
		{296C35DC-ADD3-4E09-8E8B-DFD843B0462F}.Ad-Hoc|iPhoneSimulator.Build.0 = Release|Any CPU
		{296C35DC-ADD3-4E09-8E8B-DFD843B0462F}.Ad-Hoc|iPhoneSimulator.Deploy.0 = Release|Any CPU
		{296C35DC-ADD3-4E09-8E8B-DFD843B0462F}.Ad-Hoc|x64.ActiveCfg = Release|Any CPU
		{296C35DC-ADD3-4E09-8E8B-DFD843B0462F}.Ad-Hoc|x64.Build.0 = Release|Any CPU
		{296C35DC-ADD3-4E09-8E8B-DFD843B0462F}.Ad-Hoc|x64.Deploy.0 = Release|Any CPU
		{296C35DC-ADD3-4E09-8E8B-DFD843B0462F}.Ad-Hoc|x86.ActiveCfg = Release|Any CPU
		{296C35DC-ADD3-4E09-8E8B-DFD843B0462F}.Ad-Hoc|x86.Build.0 = Release|Any CPU
		{296C35DC-ADD3-4E09-8E8B-DFD843B0462F}.Ad-Hoc|x86.Deploy.0 = Release|Any CPU
		{296C35DC-ADD3-4E09-8E8B-DFD843B0462F}.AppStore|Any CPU.ActiveCfg = Release|Any CPU
		{296C35DC-ADD3-4E09-8E8B-DFD843B0462F}.AppStore|Any CPU.Build.0 = Release|Any CPU
		{296C35DC-ADD3-4E09-8E8B-DFD843B0462F}.AppStore|Any CPU.Deploy.0 = Release|Any CPU
		{296C35DC-ADD3-4E09-8E8B-DFD843B0462F}.AppStore|ARM.ActiveCfg = Release|Any CPU
		{296C35DC-ADD3-4E09-8E8B-DFD843B0462F}.AppStore|ARM.Build.0 = Release|Any CPU
		{296C35DC-ADD3-4E09-8E8B-DFD843B0462F}.AppStore|ARM.Deploy.0 = Release|Any CPU
		{296C35DC-ADD3-4E09-8E8B-DFD843B0462F}.AppStore|iPhone.ActiveCfg = Release|Any CPU
		{296C35DC-ADD3-4E09-8E8B-DFD843B0462F}.AppStore|iPhone.Build.0 = Release|Any CPU
		{296C35DC-ADD3-4E09-8E8B-DFD843B0462F}.AppStore|iPhone.Deploy.0 = Release|Any CPU
		{296C35DC-ADD3-4E09-8E8B-DFD843B0462F}.AppStore|iPhoneSimulator.ActiveCfg = Release|Any CPU
		{296C35DC-ADD3-4E09-8E8B-DFD843B0462F}.AppStore|iPhoneSimulator.Build.0 = Release|Any CPU
		{296C35DC-ADD3-4E09-8E8B-DFD843B0462F}.AppStore|iPhoneSimulator.Deploy.0 = Release|Any CPU
		{296C35DC-ADD3-4E09-8E8B-DFD843B0462F}.AppStore|x64.ActiveCfg = Release|Any CPU
		{296C35DC-ADD3-4E09-8E8B-DFD843B0462F}.AppStore|x64.Build.0 = Release|Any CPU
		{296C35DC-ADD3-4E09-8E8B-DFD843B0462F}.AppStore|x64.Deploy.0 = Release|Any CPU
		{296C35DC-ADD3-4E09-8E8B-DFD843B0462F}.AppStore|x86.ActiveCfg = Release|Any CPU
		{296C35DC-ADD3-4E09-8E8B-DFD843B0462F}.AppStore|x86.Build.0 = Release|Any CPU
		{296C35DC-ADD3-4E09-8E8B-DFD843B0462F}.AppStore|x86.Deploy.0 = Release|Any CPU
		{296C35DC-ADD3-4E09-8E8B-DFD843B0462F}.Debug|Any CPU.ActiveCfg = Debug|Any CPU
		{296C35DC-ADD3-4E09-8E8B-DFD843B0462F}.Debug|Any CPU.Build.0 = Debug|Any CPU
		{296C35DC-ADD3-4E09-8E8B-DFD843B0462F}.Debug|Any CPU.Deploy.0 = Debug|Any CPU
		{296C35DC-ADD3-4E09-8E8B-DFD843B0462F}.Debug|ARM.ActiveCfg = Debug|Any CPU
		{296C35DC-ADD3-4E09-8E8B-DFD843B0462F}.Debug|ARM.Build.0 = Debug|Any CPU
		{296C35DC-ADD3-4E09-8E8B-DFD843B0462F}.Debug|ARM.Deploy.0 = Debug|Any CPU
		{296C35DC-ADD3-4E09-8E8B-DFD843B0462F}.Debug|iPhone.ActiveCfg = Debug|Any CPU
		{296C35DC-ADD3-4E09-8E8B-DFD843B0462F}.Debug|iPhone.Build.0 = Debug|Any CPU
		{296C35DC-ADD3-4E09-8E8B-DFD843B0462F}.Debug|iPhone.Deploy.0 = Debug|Any CPU
		{296C35DC-ADD3-4E09-8E8B-DFD843B0462F}.Debug|iPhoneSimulator.ActiveCfg = Debug|Any CPU
		{296C35DC-ADD3-4E09-8E8B-DFD843B0462F}.Debug|iPhoneSimulator.Build.0 = Debug|Any CPU
		{296C35DC-ADD3-4E09-8E8B-DFD843B0462F}.Debug|iPhoneSimulator.Deploy.0 = Debug|Any CPU
		{296C35DC-ADD3-4E09-8E8B-DFD843B0462F}.Debug|x64.ActiveCfg = Debug|Any CPU
		{296C35DC-ADD3-4E09-8E8B-DFD843B0462F}.Debug|x64.Build.0 = Debug|Any CPU
		{296C35DC-ADD3-4E09-8E8B-DFD843B0462F}.Debug|x64.Deploy.0 = Debug|Any CPU
		{296C35DC-ADD3-4E09-8E8B-DFD843B0462F}.Debug|x86.ActiveCfg = Debug|Any CPU
		{296C35DC-ADD3-4E09-8E8B-DFD843B0462F}.Debug|x86.Build.0 = Debug|Any CPU
		{296C35DC-ADD3-4E09-8E8B-DFD843B0462F}.Debug|x86.Deploy.0 = Debug|Any CPU
		{296C35DC-ADD3-4E09-8E8B-DFD843B0462F}.Release|Any CPU.ActiveCfg = Release|Any CPU
		{296C35DC-ADD3-4E09-8E8B-DFD843B0462F}.Release|Any CPU.Build.0 = Release|Any CPU
		{296C35DC-ADD3-4E09-8E8B-DFD843B0462F}.Release|Any CPU.Deploy.0 = Release|Any CPU
		{296C35DC-ADD3-4E09-8E8B-DFD843B0462F}.Release|ARM.ActiveCfg = Release|Any CPU
		{296C35DC-ADD3-4E09-8E8B-DFD843B0462F}.Release|ARM.Build.0 = Release|Any CPU
		{296C35DC-ADD3-4E09-8E8B-DFD843B0462F}.Release|ARM.Deploy.0 = Release|Any CPU
		{296C35DC-ADD3-4E09-8E8B-DFD843B0462F}.Release|iPhone.ActiveCfg = Release|Any CPU
		{296C35DC-ADD3-4E09-8E8B-DFD843B0462F}.Release|iPhone.Build.0 = Release|Any CPU
		{296C35DC-ADD3-4E09-8E8B-DFD843B0462F}.Release|iPhone.Deploy.0 = Release|Any CPU
		{296C35DC-ADD3-4E09-8E8B-DFD843B0462F}.Release|iPhoneSimulator.ActiveCfg = Release|Any CPU
		{296C35DC-ADD3-4E09-8E8B-DFD843B0462F}.Release|iPhoneSimulator.Build.0 = Release|Any CPU
		{296C35DC-ADD3-4E09-8E8B-DFD843B0462F}.Release|iPhoneSimulator.Deploy.0 = Release|Any CPU
		{296C35DC-ADD3-4E09-8E8B-DFD843B0462F}.Release|x64.ActiveCfg = Release|Any CPU
		{296C35DC-ADD3-4E09-8E8B-DFD843B0462F}.Release|x64.Build.0 = Release|Any CPU
		{296C35DC-ADD3-4E09-8E8B-DFD843B0462F}.Release|x64.Deploy.0 = Release|Any CPU
		{296C35DC-ADD3-4E09-8E8B-DFD843B0462F}.Release|x86.ActiveCfg = Release|Any CPU
		{296C35DC-ADD3-4E09-8E8B-DFD843B0462F}.Release|x86.Build.0 = Release|Any CPU
		{296C35DC-ADD3-4E09-8E8B-DFD843B0462F}.Release|x86.Deploy.0 = Release|Any CPU
		{3CCB9625-7DFF-40BA-98B3-49D986CF5EDE}.Ad-Hoc|Any CPU.ActiveCfg = Ad-Hoc|iPhone
		{3CCB9625-7DFF-40BA-98B3-49D986CF5EDE}.Ad-Hoc|ARM.ActiveCfg = Ad-Hoc|iPhone
		{3CCB9625-7DFF-40BA-98B3-49D986CF5EDE}.Ad-Hoc|iPhone.ActiveCfg = Ad-Hoc|iPhone
		{3CCB9625-7DFF-40BA-98B3-49D986CF5EDE}.Ad-Hoc|iPhone.Build.0 = Ad-Hoc|iPhone
		{3CCB9625-7DFF-40BA-98B3-49D986CF5EDE}.Ad-Hoc|iPhoneSimulator.ActiveCfg = Ad-Hoc|iPhoneSimulator
		{3CCB9625-7DFF-40BA-98B3-49D986CF5EDE}.Ad-Hoc|iPhoneSimulator.Build.0 = Ad-Hoc|iPhoneSimulator
		{3CCB9625-7DFF-40BA-98B3-49D986CF5EDE}.Ad-Hoc|x64.ActiveCfg = Ad-Hoc|iPhone
		{3CCB9625-7DFF-40BA-98B3-49D986CF5EDE}.Ad-Hoc|x86.ActiveCfg = Ad-Hoc|iPhone
		{3CCB9625-7DFF-40BA-98B3-49D986CF5EDE}.AppStore|Any CPU.ActiveCfg = AppStore|iPhone
		{3CCB9625-7DFF-40BA-98B3-49D986CF5EDE}.AppStore|ARM.ActiveCfg = AppStore|iPhone
		{3CCB9625-7DFF-40BA-98B3-49D986CF5EDE}.AppStore|iPhone.ActiveCfg = AppStore|iPhone
		{3CCB9625-7DFF-40BA-98B3-49D986CF5EDE}.AppStore|iPhone.Build.0 = AppStore|iPhone
		{3CCB9625-7DFF-40BA-98B3-49D986CF5EDE}.AppStore|iPhoneSimulator.ActiveCfg = AppStore|iPhoneSimulator
		{3CCB9625-7DFF-40BA-98B3-49D986CF5EDE}.AppStore|iPhoneSimulator.Build.0 = AppStore|iPhoneSimulator
		{3CCB9625-7DFF-40BA-98B3-49D986CF5EDE}.AppStore|x64.ActiveCfg = AppStore|iPhone
		{3CCB9625-7DFF-40BA-98B3-49D986CF5EDE}.AppStore|x86.ActiveCfg = AppStore|iPhone
		{3CCB9625-7DFF-40BA-98B3-49D986CF5EDE}.Debug|Any CPU.ActiveCfg = Debug|iPhone
		{3CCB9625-7DFF-40BA-98B3-49D986CF5EDE}.Debug|ARM.ActiveCfg = Debug|iPhone
		{3CCB9625-7DFF-40BA-98B3-49D986CF5EDE}.Debug|iPhone.ActiveCfg = Debug|iPhone
		{3CCB9625-7DFF-40BA-98B3-49D986CF5EDE}.Debug|iPhone.Build.0 = Debug|iPhone
		{3CCB9625-7DFF-40BA-98B3-49D986CF5EDE}.Debug|iPhoneSimulator.ActiveCfg = Debug|iPhoneSimulator
		{3CCB9625-7DFF-40BA-98B3-49D986CF5EDE}.Debug|iPhoneSimulator.Build.0 = Debug|iPhoneSimulator
		{3CCB9625-7DFF-40BA-98B3-49D986CF5EDE}.Debug|x64.ActiveCfg = Debug|iPhone
		{3CCB9625-7DFF-40BA-98B3-49D986CF5EDE}.Debug|x86.ActiveCfg = Debug|iPhone
		{3CCB9625-7DFF-40BA-98B3-49D986CF5EDE}.Release|Any CPU.ActiveCfg = Release|iPhone
		{3CCB9625-7DFF-40BA-98B3-49D986CF5EDE}.Release|ARM.ActiveCfg = Release|iPhone
		{3CCB9625-7DFF-40BA-98B3-49D986CF5EDE}.Release|iPhone.ActiveCfg = Release|iPhone
		{3CCB9625-7DFF-40BA-98B3-49D986CF5EDE}.Release|iPhone.Build.0 = Release|iPhone
		{3CCB9625-7DFF-40BA-98B3-49D986CF5EDE}.Release|iPhoneSimulator.ActiveCfg = Release|iPhoneSimulator
		{3CCB9625-7DFF-40BA-98B3-49D986CF5EDE}.Release|iPhoneSimulator.Build.0 = Release|iPhoneSimulator
		{3CCB9625-7DFF-40BA-98B3-49D986CF5EDE}.Release|x64.ActiveCfg = Release|iPhone
		{3CCB9625-7DFF-40BA-98B3-49D986CF5EDE}.Release|x86.ActiveCfg = Release|iPhone
	EndGlobalSection
	GlobalSection(SolutionProperties) = preSolution
		HideSolutionNode = FALSE
	EndGlobalSection
	GlobalSection(ExtensibilityGlobals) = postSolution
		SolutionGuid = {2713A04F-AFFF-475D-8B5B-96D905A753A7}
	EndGlobalSection
EndGlobal
